
Microsoft Visual Studio Solution File, Format Version 12.00
# Visual Studio 15
VisualStudioVersion = 15.0.28307.1778
MinimumVisualStudioVersion = 10.0.40219.1
Project("{FAE04EC0-301F-11D3-BF4B-00C04F79EFBC}") = "AppCajero", "AppCajero\AppCajero.csproj", "{E4BA08E2-1129-403E-9EB7-F2AE1110C149}"
EndProject
Global
	GlobalSection(SolutionConfigurationPlatforms) = preSolution
		Debug|Any CPU = Debug|Any CPU
		Release|Any CPU = Release|Any CPU
	EndGlobalSection
	GlobalSection(ProjectConfigurationPlatforms) = postSolution
		{E4BA08E2-1129-403E-9EB7-F2AE1110C149}.Debug|Any CPU.ActiveCfg = Debug|Any CPU
		{E4BA08E2-1129-403E-9EB7-F2AE1110C149}.Debug|Any CPU.Build.0 = Debug|Any CPU
		{E4BA08E2-1129-403E-9EB7-F2AE1110C149}.Release|Any CPU.ActiveCfg = Release|Any CPU
		{E4BA08E2-1129-403E-9EB7-F2AE1110C149}.Release|Any CPU.Build.0 = Release|Any CPU
	EndGlobalSection
	GlobalSection(SolutionProperties) = preSolution
		HideSolutionNode = FALSE
	EndGlobalSection
	GlobalSection(ExtensibilityGlobals) = postSolution
		SolutionGuid = {C663FB30-E49B-41A5-B863-8D797FB06AF0}
	EndGlobalSection
EndGlobal
